
Microsoft Visual Studio Solution File, Format Version 12.00
# Visual Studio Version 16
VisualStudioVersion = 16.0.28803.352
MinimumVisualStudioVersion = 10.0.40219.1
Project("{FAE04EC0-301F-11D3-BF4B-00C04F79EFBC}") = "CarService.UnitTests", "..\ServiceAutoLibrary.UnitTests\CarService.UnitTests.csproj", "{2A3F0244-B5F8-4D7F-B84E-15850130126B}"
EndProject
Project("{FAE04EC0-301F-11D3-BF4B-00C04F79EFBC}") = "CarService.WF", "..\ServiceAutoGUI\CarService.WF.csproj", "{869C0198-A9F9-47B1-BCF0-958172ABA02C}"
EndProject
Project("{FAE04EC0-301F-11D3-BF4B-00C04F79EFBC}") = "CarService", "..\CarService\CarService.csproj", "{4545B14C-F550-4890-9276-044BE93A0B3C}"
EndProject
Global
	GlobalSection(SolutionConfigurationPlatforms) = preSolution
		Debug|Any CPU = Debug|Any CPU
		Release|Any CPU = Release|Any CPU
	EndGlobalSection
	GlobalSection(ProjectConfigurationPlatforms) = postSolution
		{2A3F0244-B5F8-4D7F-B84E-15850130126B}.Debug|Any CPU.ActiveCfg = Debug|Any CPU
		{2A3F0244-B5F8-4D7F-B84E-15850130126B}.Debug|Any CPU.Build.0 = Debug|Any CPU
		{2A3F0244-B5F8-4D7F-B84E-15850130126B}.Release|Any CPU.ActiveCfg = Release|Any CPU
		{2A3F0244-B5F8-4D7F-B84E-15850130126B}.Release|Any CPU.Build.0 = Release|Any CPU
		{869C0198-A9F9-47B1-BCF0-958172ABA02C}.Debug|Any CPU.ActiveCfg = Debug|Any CPU
		{869C0198-A9F9-47B1-BCF0-958172ABA02C}.Debug|Any CPU.Build.0 = Debug|Any CPU
		{869C0198-A9F9-47B1-BCF0-958172ABA02C}.Release|Any CPU.ActiveCfg = Release|Any CPU
		{869C0198-A9F9-47B1-BCF0-958172ABA02C}.Release|Any CPU.Build.0 = Release|Any CPU
		{4545B14C-F550-4890-9276-044BE93A0B3C}.Debug|Any CPU.ActiveCfg = Debug|Any CPU
		{4545B14C-F550-4890-9276-044BE93A0B3C}.Debug|Any CPU.Build.0 = Debug|Any CPU
		{4545B14C-F550-4890-9276-044BE93A0B3C}.Release|Any CPU.ActiveCfg = Release|Any CPU
		{4545B14C-F550-4890-9276-044BE93A0B3C}.Release|Any CPU.Build.0 = Release|Any CPU
	EndGlobalSection
	GlobalSection(SolutionProperties) = preSolution
		HideSolutionNode = FALSE
	EndGlobalSection
	GlobalSection(ExtensibilityGlobals) = postSolution
		SolutionGuid = {5BD29011-9D55-43A3-A756-868090C31ACB}
	EndGlobalSection
EndGlobal
